
Microsoft Visual Studio Solution File, Format Version 12.00
# Visual Studio 14
VisualStudioVersion = 14.0.23107.0
MinimumVisualStudioVersion = 10.0.40219.1
Project("{FAE04EC0-301F-11D3-BF4B-00C04F79EFBC}") = "SortingAndSearching", "SortingAndSearching\SortingAndSearching.csproj", "{24971688-43BC-4388-AE5C-DC219AB226E5}"
EndProject
Project("{FAE04EC0-301F-11D3-BF4B-00C04F79EFBC}") = "TestingProject", "TestingProject\TestingProject.csproj", "{E586E63E-31FB-490E-9539-DCB2C01D56ED}"
EndProject
Global
	GlobalSection(SolutionConfigurationPlatforms) = preSolution
		Debug|Any CPU = Debug|Any CPU
		Release|Any CPU = Release|Any CPU
	EndGlobalSection
	GlobalSection(ProjectConfigurationPlatforms) = postSolution
		{24971688-43BC-4388-AE5C-DC219AB226E5}.Debug|Any CPU.ActiveCfg = Debug|Any CPU
		{24971688-43BC-4388-AE5C-DC219AB226E5}.Debug|Any CPU.Build.0 = Debug|Any CPU
		{24971688-43BC-4388-AE5C-DC219AB226E5}.Release|Any CPU.ActiveCfg = Release|Any CPU
		{24971688-43BC-4388-AE5C-DC219AB226E5}.Release|Any CPU.Build.0 = Release|Any CPU
		{E586E63E-31FB-490E-9539-DCB2C01D56ED}.Debug|Any CPU.ActiveCfg = Debug|Any CPU
		{E586E63E-31FB-490E-9539-DCB2C01D56ED}.Debug|Any CPU.Build.0 = Debug|Any CPU
		{E586E63E-31FB-490E-9539-DCB2C01D56ED}.Release|Any CPU.ActiveCfg = Release|Any CPU
		{E586E63E-31FB-490E-9539-DCB2C01D56ED}.Release|Any CPU.Build.0 = Release|Any CPU
	EndGlobalSection
	GlobalSection(SolutionProperties) = preSolution
		HideSolutionNode = FALSE
	EndGlobalSection
EndGlobal
